
Microsoft Visual Studio Solution File, Format Version 12.00
# Visual Studio Version 17
VisualStudioVersion = 17.13.35806.99 d17.13
MinimumVisualStudioVersion = 10.0.40219.1
Project("{FAE04EC0-301F-11D3-BF4B-00C04F79EFBC}") = "first project", "first project\first project.csproj", "{E117BC21-1EE7-4877-90FC-3F762B4F932F}"
EndProject
Global
	GlobalSection(SolutionConfigurationPlatforms) = preSolution
		Debug|Any CPU = Debug|Any CPU
		Release|Any CPU = Release|Any CPU
	EndGlobalSection
	GlobalSection(ProjectConfigurationPlatforms) = postSolution
		{E117BC21-1EE7-4877-90FC-3F762B4F932F}.Debug|Any CPU.ActiveCfg = Debug|Any CPU
		{E117BC21-1EE7-4877-90FC-3F762B4F932F}.Debug|Any CPU.Build.0 = Debug|Any CPU
		{E117BC21-1EE7-4877-90FC-3F762B4F932F}.Release|Any CPU.ActiveCfg = Release|Any CPU
		{E117BC21-1EE7-4877-90FC-3F762B4F932F}.Release|Any CPU.Build.0 = Release|Any CPU
	EndGlobalSection
	GlobalSection(SolutionProperties) = preSolution
		HideSolutionNode = FALSE
	EndGlobalSection
	GlobalSection(ExtensibilityGlobals) = postSolution
		SolutionGuid = {3831F9BA-88AE-4B85-B5C2-D5A453E3137D}
	EndGlobalSection
EndGlobal
